
Microsoft Visual Studio Solution File, Format Version 12.00
# Visual Studio 15
VisualStudioVersion = 15.0.28307.168
MinimumVisualStudioVersion = 10.0.40219.1
Project("{FAE04EC0-301F-11D3-BF4B-00C04F79EFBC}") = "Guess My Number Game", "Guess My Number Game\Guess My Number Game.csproj", "{8B552870-31FE-4885-B26F-9C3452A18332}"
EndProject
Global
	GlobalSection(SolutionConfigurationPlatforms) = preSolution
		Debug|Any CPU = Debug|Any CPU
		Release|Any CPU = Release|Any CPU
	EndGlobalSection
	GlobalSection(ProjectConfigurationPlatforms) = postSolution
		{8B552870-31FE-4885-B26F-9C3452A18332}.Debug|Any CPU.ActiveCfg = Debug|Any CPU
		{8B552870-31FE-4885-B26F-9C3452A18332}.Debug|Any CPU.Build.0 = Debug|Any CPU
		{8B552870-31FE-4885-B26F-9C3452A18332}.Release|Any CPU.ActiveCfg = Release|Any CPU
		{8B552870-31FE-4885-B26F-9C3452A18332}.Release|Any CPU.Build.0 = Release|Any CPU
	EndGlobalSection
	GlobalSection(SolutionProperties) = preSolution
		HideSolutionNode = FALSE
	EndGlobalSection
	GlobalSection(ExtensibilityGlobals) = postSolution
		SolutionGuid = {2E974AA9-4A6F-40A7-918E-C546F9D2E1B8}
	EndGlobalSection
EndGlobal
